// !$*UTF8*$!
{
	archiveVersion = 1;
	classes = {
	};
	objectVersion = 50;
	objects = {

/* Begin PBXBuildFile section */
		4104D589236B420D00B7D8C5 /* DashboardViewController.swift in Sources */ = {isa = PBXBuildFile; fileRef = 4104D588236B420D00B7D8C5 /* DashboardViewController.swift */; };
		4104D58B236B42A200B7D8C5 /* Dashboard.swift in Sources */ = {isa = PBXBuildFile; fileRef = 4104D58A236B42A200B7D8C5 /* Dashboard.swift */; };
		4104D58D236B435800B7D8C5 /* DashboardResponse.swift in Sources */ = {isa = PBXBuildFile; fileRef = 4104D58C236B435800B7D8C5 /* DashboardResponse.swift */; };
		412CD195236BDD8600023845 /* DashboardTotal.swift in Sources */ = {isa = PBXBuildFile; fileRef = 412CD194236BDD8600023845 /* DashboardTotal.swift */; };
		415FE86D235D5FC0009191D7 /* Montserrat-Bold.otf in Resources */ = {isa = PBXBuildFile; fileRef = 415FE86C235D5FC0009191D7 /* Montserrat-Bold.otf */; };
		415FE86F235D6DB1009191D7 /* Montserrat-Regular.otf in Resources */ = {isa = PBXBuildFile; fileRef = 415FE86E235D6DB1009191D7 /* Montserrat-Regular.otf */; };
		416C905E235C65E30091CFFB /* AppDelegate.swift in Sources */ = {isa = PBXBuildFile; fileRef = 416C905D235C65E30091CFFB /* AppDelegate.swift */; };
		416C9063235C65E30091CFFB /* Main.storyboard in Resources */ = {isa = PBXBuildFile; fileRef = 416C9061235C65E30091CFFB /* Main.storyboard */; };
		416C9065235C65E50091CFFB /* Assets.xcassets in Resources */ = {isa = PBXBuildFile; fileRef = 416C9064235C65E50091CFFB /* Assets.xcassets */; };
		416C9068235C65E50091CFFB /* LaunchScreen.storyboard in Resources */ = {isa = PBXBuildFile; fileRef = 416C9066235C65E50091CFFB /* LaunchScreen.storyboard */; };
		417B8B4623683D5200363D41 /* EventsViewController.swift in Sources */ = {isa = PBXBuildFile; fileRef = 417B8B4523683D5200363D41 /* EventsViewController.swift */; };
		417B8B4923683EB900363D41 /* EventTableViewCell.swift in Sources */ = {isa = PBXBuildFile; fileRef = 417B8B4823683EB900363D41 /* EventTableViewCell.swift */; };
		417B8B4C23683F5800363D41 /* Event.swift in Sources */ = {isa = PBXBuildFile; fileRef = 417B8B4B23683F5800363D41 /* Event.swift */; };
		417B8B4F2368442000363D41 /* NetworkService.swift in Sources */ = {isa = PBXBuildFile; fileRef = 417B8B4E2368442000363D41 /* NetworkService.swift */; };
		417B8B512368475700363D41 /* EventResponse.swift in Sources */ = {isa = PBXBuildFile; fileRef = 417B8B502368475700363D41 /* EventResponse.swift */; };
/* End PBXBuildFile section */

/* Begin PBXFileReference section */
		4104D588236B420D00B7D8C5 /* DashboardViewController.swift */ = {isa = PBXFileReference; lastKnownFileType = sourcecode.swift; path = DashboardViewController.swift; sourceTree = "<group>"; };
		4104D58A236B42A200B7D8C5 /* Dashboard.swift */ = {isa = PBXFileReference; lastKnownFileType = sourcecode.swift; path = Dashboard.swift; sourceTree = "<group>"; };
		4104D58C236B435800B7D8C5 /* DashboardResponse.swift */ = {isa = PBXFileReference; lastKnownFileType = sourcecode.swift; path = DashboardResponse.swift; sourceTree = "<group>"; };
		412CD194236BDD8600023845 /* DashboardTotal.swift */ = {isa = PBXFileReference; lastKnownFileType = sourcecode.swift; path = DashboardTotal.swift; sourceTree = "<group>"; };
		415FE86C235D5FC0009191D7 /* Montserrat-Bold.otf */ = {isa = PBXFileReference; lastKnownFileType = file; path = "Montserrat-Bold.otf"; sourceTree = "<group>"; };
		415FE86E235D6DB1009191D7 /* Montserrat-Regular.otf */ = {isa = PBXFileReference; lastKnownFileType = file; path = "Montserrat-Regular.otf"; sourceTree = "<group>"; };
		416C905A235C65E30091CFFB /* FIT.app */ = {isa = PBXFileReference; explicitFileType = wrapper.application; includeInIndex = 0; path = FIT.app; sourceTree = BUILT_PRODUCTS_DIR; };
		416C905D235C65E30091CFFB /* AppDelegate.swift */ = {isa = PBXFileReference; lastKnownFileType = sourcecode.swift; path = AppDelegate.swift; sourceTree = "<group>"; };
		416C9062235C65E30091CFFB /* Base */ = {isa = PBXFileReference; lastKnownFileType = file.storyboard; name = Base; path = Base.lproj/Main.storyboard; sourceTree = "<group>"; };
		416C9064235C65E50091CFFB /* Assets.xcassets */ = {isa = PBXFileReference; lastKnownFileType = folder.assetcatalog; path = Assets.xcassets; sourceTree = "<group>"; };
		416C9067235C65E50091CFFB /* Base */ = {isa = PBXFileReference; lastKnownFileType = file.storyboard; name = Base; path = Base.lproj/LaunchScreen.storyboard; sourceTree = "<group>"; };
		416C9069235C65E50091CFFB /* Info.plist */ = {isa = PBXFileReference; lastKnownFileType = text.plist.xml; path = Info.plist; sourceTree = "<group>"; };
		417B8B4523683D5200363D41 /* EventsViewController.swift */ = {isa = PBXFileReference; lastKnownFileType = sourcecode.swift; path = EventsViewController.swift; sourceTree = "<group>"; };
		417B8B4823683EB900363D41 /* EventTableViewCell.swift */ = {isa = PBXFileReference; lastKnownFileType = sourcecode.swift; path = EventTableViewCell.swift; sourceTree = "<group>"; };
		417B8B4B23683F5800363D41 /* Event.swift */ = {isa = PBXFileReference; lastKnownFileType = sourcecode.swift; path = Event.swift; sourceTree = "<group>"; };
		417B8B4E2368442000363D41 /* NetworkService.swift */ = {isa = PBXFileReference; lastKnownFileType = sourcecode.swift; path = NetworkService.swift; sourceTree = "<group>"; };
		417B8B502368475700363D41 /* EventResponse.swift */ = {isa = PBXFileReference; lastKnownFileType = sourcecode.swift; path = EventResponse.swift; sourceTree = "<group>"; };
/* End PBXFileReference section */

/* Begin PBXFrameworksBuildPhase section */
		416C9057235C65E30091CFFB /* Frameworks */ = {
			isa = PBXFrameworksBuildPhase;
			buildActionMask = 2147483647;
			files = (
			);
			runOnlyForDeploymentPostprocessing = 0;
		};
/* End PBXFrameworksBuildPhase section */

/* Begin PBXGroup section */
		415FE86B235D5EA5009191D7 /* Fonts */ = {
			isa = PBXGroup;
			children = (
				415FE86E235D6DB1009191D7 /* Montserrat-Regular.otf */,
				415FE86C235D5FC0009191D7 /* Montserrat-Bold.otf */,
			);
			path = Fonts;
			sourceTree = "<group>";
		};
		416C9051235C65E30091CFFB = {
			isa = PBXGroup;
			children = (
				416C905C235C65E30091CFFB /* FIT */,
				416C905B235C65E30091CFFB /* Products */,
			);
			sourceTree = "<group>";
		};
		416C905B235C65E30091CFFB /* Products */ = {
			isa = PBXGroup;
			children = (
				416C905A235C65E30091CFFB /* FIT.app */,
			);
			name = Products;
			sourceTree = "<group>";
		};
		416C905C235C65E30091CFFB /* FIT */ = {
			isa = PBXGroup;
			children = (
				417B8B4D2368417300363D41 /* Network */,
				417B8B4A23683F4800363D41 /* Model */,
				417B8B4723683EA300363D41 /* View */,
				416C905D235C65E30091CFFB /* AppDelegate.swift */,
				415FE86B235D5EA5009191D7 /* Fonts */,
				417B8B4523683D5200363D41 /* EventsViewController.swift */,
				4104D588236B420D00B7D8C5 /* DashboardViewController.swift */,
				416C9061235C65E30091CFFB /* Main.storyboard */,
				416C9064235C65E50091CFFB /* Assets.xcassets */,
				416C9066235C65E50091CFFB /* LaunchScreen.storyboard */,
				416C9069235C65E50091CFFB /* Info.plist */,
			);
			path = FIT;
			sourceTree = "<group>";
		};
		417B8B4723683EA300363D41 /* View */ = {
			isa = PBXGroup;
			children = (
				417B8B4823683EB900363D41 /* EventTableViewCell.swift */,
			);
			path = View;
			sourceTree = "<group>";
		};
		417B8B4A23683F4800363D41 /* Model */ = {
			isa = PBXGroup;
			children = (
				417B8B4B23683F5800363D41 /* Event.swift */,
				4104D58A236B42A200B7D8C5 /* Dashboard.swift */,
				412CD194236BDD8600023845 /* DashboardTotal.swift */,
				417B8B502368475700363D41 /* EventResponse.swift */,
				4104D58C236B435800B7D8C5 /* DashboardResponse.swift */,
			);
			path = Model;
			sourceTree = "<group>";
		};
		417B8B4D2368417300363D41 /* Network */ = {
			isa = PBXGroup;
			children = (
				417B8B4E2368442000363D41 /* NetworkService.swift */,
			);
			path = Network;
			sourceTree = "<group>";
		};
/* End PBXGroup section */

/* Begin PBXNativeTarget section */
		416C9059235C65E30091CFFB /* FIT */ = {
			isa = PBXNativeTarget;
			buildConfigurationList = 416C906C235C65E50091CFFB /* Build configuration list for PBXNativeTarget "FIT" */;
			buildPhases = (
				416C9056235C65E30091CFFB /* Sources */,
				416C9057235C65E30091CFFB /* Frameworks */,
				416C9058235C65E30091CFFB /* Resources */,
			);
			buildRules = (
			);
			dependencies = (
			);
			name = FIT;
			productName = FIT;
			productReference = 416C905A235C65E30091CFFB /* FIT.app */;
			productType = "com.apple.product-type.application";
		};
/* End PBXNativeTarget section */

/* Begin PBXProject section */
		416C9052235C65E30091CFFB /* Project object */ = {
			isa = PBXProject;
			attributes = {
				LastSwiftUpdateCheck = 1010;
				LastUpgradeCheck = 1010;
				ORGANIZATIONNAME = Aka;
				TargetAttributes = {
					416C9059235C65E30091CFFB = {
						CreatedOnToolsVersion = 10.1;
					};
				};
			};
			buildConfigurationList = 416C9055235C65E30091CFFB /* Build configuration list for PBXProject "FIT" */;
			compatibilityVersion = "Xcode 9.3";
			developmentRegion = en;
			hasScannedForEncodings = 0;
			knownRegions = (
				en,
				Base,
			);
			mainGroup = 416C9051235C65E30091CFFB;
			productRefGroup = 416C905B235C65E30091CFFB /* Products */;
			projectDirPath = "";
			projectRoot = "";
			targets = (
				416C9059235C65E30091CFFB /* FIT */,
			);
		};
/* End PBXProject section */

/* Begin PBXResourcesBuildPhase section */
		416C9058235C65E30091CFFB /* Resources */ = {
			isa = PBXResourcesBuildPhase;
			buildActionMask = 2147483647;
			files = (
				416C9068235C65E50091CFFB /* LaunchScreen.storyboard in Resources */,
				416C9065235C65E50091CFFB /* Assets.xcassets in Resources */,
				416C9063235C65E30091CFFB /* Main.storyboard in Resources */,
				415FE86F235D6DB1009191D7 /* Montserrat-Regular.otf in Resources */,
				415FE86D235D5FC0009191D7 /* Montserrat-Bold.otf in Resources */,
			);
			runOnlyForDeploymentPostprocessing = 0;
		};
/* End PBXResourcesBuildPhase section */

/* Begin PBXSourcesBuildPhase section */
		416C9056235C65E30091CFFB /* Sources */ = {
			isa = PBXSourcesBuildPhase;
			buildActionMask = 2147483647;
			files = (
				417B8B4623683D5200363D41 /* EventsViewController.swift in Sources */,
				416C905E235C65E30091CFFB /* AppDelegate.swift in Sources */,
				417B8B4923683EB900363D41 /* EventTableViewCell.swift in Sources */,
				4104D58D236B435800B7D8C5 /* DashboardResponse.swift in Sources */,
				417B8B4C23683F5800363D41 /* Event.swift in Sources */,
				412CD195236BDD8600023845 /* DashboardTotal.swift in Sources */,
				4104D58B236B42A200B7D8C5 /* Dashboard.swift in Sources */,
				417B8B4F2368442000363D41 /* NetworkService.swift in Sources */,
				417B8B512368475700363D41 /* EventResponse.swift in Sources */,
				4104D589236B420D00B7D8C5 /* DashboardViewController.swift in Sources */,
			);
			runOnlyForDeploymentPostprocessing = 0;
		};
/* End PBXSourcesBuildPhase section */

/* Begin PBXVariantGroup section */
		416C9061235C65E30091CFFB /* Main.storyboard */ = {
			isa = PBXVariantGroup;
			children = (
				416C9062235C65E30091CFFB /* Base */,
			);
			name = Main.storyboard;
			sourceTree = "<group>";
		};
		416C9066235C65E50091CFFB /* LaunchScreen.storyboard */ = {
			isa = PBXVariantGroup;
			children = (
				416C9067235C65E50091CFFB /* Base */,
			);
			name = LaunchScreen.storyboard;
			sourceTree = "<group>";
		};
/* End PBXVariantGroup section */

/* Begin XCBuildConfiguration section */
		416C906A235C65E50091CFFB /* Debug */ = {
			isa = XCBuildConfiguration;
			buildSettings = {
				ALWAYS_SEARCH_USER_PATHS = NO;
				CLANG_ANALYZER_NONNULL = YES;
				CLANG_ANALYZER_NUMBER_OBJECT_CONVERSION = YES_AGGRESSIVE;
				CLANG_CXX_LANGUAGE_STANDARD = "gnu++14";
				CLANG_CXX_LIBRARY = "libc++";
				CLANG_ENABLE_MODULES = YES;
				CLANG_ENABLE_OBJC_ARC = YES;
				CLANG_ENABLE_OBJC_WEAK = YES;
				CLANG_WARN_BLOCK_CAPTURE_AUTORELEASING = YES;
				CLANG_WARN_BOOL_CONVERSION = YES;
				CLANG_WARN_COMMA = YES;
				CLANG_WARN_CONSTANT_CONVERSION = YES;
				CLANG_WARN_DEPRECATED_OBJC_IMPLEMENTATIONS = YES;
				CLANG_WARN_DIRECT_OBJC_ISA_USAGE = YES_ERROR;
				CLANG_WARN_DOCUMENTATION_COMMENTS = YES;
				CLANG_WARN_EMPTY_BODY = YES;
				CLANG_WARN_ENUM_CONVERSION = YES;
				CLANG_WARN_INFINITE_RECURSION = YES;
				CLANG_WARN_INT_CONVERSION = YES;
				CLANG_WARN_NON_LITERAL_NULL_CONVERSION = YES;
				CLANG_WARN_OBJC_IMPLICIT_RETAIN_SELF = YES;
				CLANG_WARN_OBJC_LITERAL_CONVERSION = YES;
				CLANG_WARN_OBJC_ROOT_CLASS = YES_ERROR;
				CLANG_WARN_RANGE_LOOP_ANALYSIS = YES;
				CLANG_WARN_STRICT_PROTOTYPES = YES;
				CLANG_WARN_SUSPICIOUS_MOVE = YES;
				CLANG_WARN_UNGUARDED_AVAILABILITY = YES_AGGRESSIVE;
				CLANG_WARN_UNREACHABLE_CODE = YES;
				CLANG_WARN__DUPLICATE_METHOD_MATCH = YES;
				CODE_SIGN_IDENTITY = "iPhone Developer";
				COPY_PHASE_STRIP = NO;
				DEBUG_INFORMATION_FORMAT = dwarf;
				ENABLE_STRICT_OBJC_MSGSEND = YES;
				ENABLE_TESTABILITY = YES;
				GCC_C_LANGUAGE_STANDARD = gnu11;
				GCC_DYNAMIC_NO_PIC = NO;
				GCC_NO_COMMON_BLOCKS = YES;
				GCC_OPTIMIZATION_LEVEL = 0;
				GCC_PREPROCESSOR_DEFINITIONS = (
					"DEBUG=1",
					"$(inherited)",
				);
				GCC_WARN_64_TO_32_BIT_CONVERSION = YES;
				GCC_WARN_ABOUT_RETURN_TYPE = YES_ERROR;
				GCC_WARN_UNDECLARED_SELECTOR = YES;
				GCC_WARN_UNINITIALIZED_AUTOS = YES_AGGRESSIVE;
				GCC_WARN_UNUSED_FUNCTION = YES;
				GCC_WARN_UNUSED_VARIABLE = YES;
				IPHONEOS_DEPLOYMENT_TARGET = 12.1;
				MTL_ENABLE_DEBUG_INFO = INCLUDE_SOURCE;
				MTL_FAST_MATH = YES;
				ONLY_ACTIVE_ARCH = YES;
				SDKROOT = iphoneos;
				SWIFT_ACTIVE_COMPILATION_CONDITIONS = DEBUG;
				SWIFT_OPTIMIZATION_LEVEL = "-Onone";
			};
			name = Debug;
		};
		416C906B235C65E50091CFFB /* Release */ = {
			isa = XCBuildConfiguration;
			buildSettings = {
				ALWAYS_SEARCH_USER_PATHS = NO;
				CLANG_ANALYZER_NONNULL = YES;
				CLANG_ANALYZER_NUMBER_OBJECT_CONVERSION = YES_AGGRESSIVE;
				CLANG_CXX_LANGUAGE_STANDARD = "gnu++14";
				CLANG_CXX_LIBRARY = "libc++";
				CLANG_ENABLE_MODULES = YES;
				CLANG_ENABLE_OBJC_ARC = YES;
				CLANG_ENABLE_OBJC_WEAK = YES;
				CLANG_WARN_BLOCK_CAPTURE_AUTORELEASING = YES;
				CLANG_WARN_BOOL_CONVERSION = YES;
				CLANG_WARN_COMMA = YES;
				CLANG_WARN_CONSTANT_CONVERSION = YES;
				CLANG_WARN_DEPRECATED_OBJC_IMPLEMENTATIONS = YES;
				CLANG_WARN_DIRECT_OBJC_ISA_USAGE = YES_ERROR;
				CLANG_WARN_DOCUMENTATION_COMMENTS = YES;
				CLANG_WARN_EMPTY_BODY = YES;
				CLANG_WARN_ENUM_CONVERSION = YES;
				CLANG_WARN_INFINITE_RECURSION = YES;
				CLANG_WARN_INT_CONVERSION = YES;
				CLANG_WARN_NON_LITERAL_NULL_CONVERSION = YES;
				CLANG_WARN_OBJC_IMPLICIT_RETAIN_SELF = YES;
				CLANG_WARN_OBJC_LITERAL_CONVERSION = YES;
				CLANG_WARN_OBJC_ROOT_CLASS = YES_ERROR;
				CLANG_WARN_RANGE_LOOP_ANALYSIS = YES;
				CLANG_WARN_STRICT_PROTOTYPES = YES;
				CLANG_WARN_SUSPICIOUS_MOVE = YES;
				CLANG_WARN_UNGUARDED_AVAILABILITY = YES_AGGRESSIVE;
				CLANG_WARN_UNREACHABLE_CODE = YES;
				CLANG_WARN__DUPLICATE_METHOD_MATCH = YES;
				CODE_SIGN_IDENTITY = "iPhone Developer";
				COPY_PHASE_STRIP = NO;
				DEBUG_INFORMATION_FORMAT = "dwarf-with-dsym";
				ENABLE_NS_ASSERTIONS = NO;
				ENABLE_STRICT_OBJC_MSGSEND = YES;
				GCC_C_LANGUAGE_STANDARD = gnu11;
				GCC_NO_COMMON_BLOCKS = YES;
				GCC_WARN_64_TO_32_BIT_CONVERSION = YES;
				GCC_WARN_ABOUT_RETURN_TYPE = YES_ERROR;
				GCC_WARN_UNDECLARED_SELECTOR = YES;
				GCC_WARN_UNINITIALIZED_AUTOS = YES_AGGRESSIVE;
				GCC_WARN_UNUSED_FUNCTION = YES;
				GCC_WARN_UNUSED_VARIABLE = YES;
				IPHONEOS_DEPLOYMENT_TARGET = 12.1;
				MTL_ENABLE_DEBUG_INFO = NO;
				MTL_FAST_MATH = YES;
				SDKROOT = iphoneos;
				SWIFT_COMPILATION_MODE = wholemodule;
				SWIFT_OPTIMIZATION_LEVEL = "-O";
				VALIDATE_PRODUCT = YES;
			};
			name = Release;
		};
		416C906D235C65E50091CFFB /* Debug */ = {
			isa = XCBuildConfiguration;
			buildSettings = {
				ASSETCATALOG_COMPILER_APPICON_NAME = AppIcon;
				CODE_SIGN_STYLE = Automatic;
				DEVELOPMENT_TEAM = R9JBRA829U;
				INFOPLIST_FILE = FIT/Info.plist;
				IPHONEOS_DEPLOYMENT_TARGET = 10.2;
				LD_RUNPATH_SEARCH_PATHS = (
					"$(inherited)",
					"@executable_path/Frameworks",
				);
				PRODUCT_BUNDLE_IDENTIFIER = AKA.FIT;
				PRODUCT_NAME = "$(TARGET_NAME)";
				SWIFT_VERSION = 4.2;
				TARGETED_DEVICE_FAMILY = "1,2";
			};
			name = Debug;
		};
		416C906E235C65E50091CFFB /* Release */ = {
			isa = XCBuildConfiguration;
			buildSettings = {
				ASSETCATALOG_COMPILER_APPICON_NAME = AppIcon;
				CODE_SIGN_STYLE = Automatic;
				DEVELOPMENT_TEAM = R9JBRA829U;
				INFOPLIST_FILE = FIT/Info.plist;
				IPHONEOS_DEPLOYMENT_TARGET = 10.2;
				LD_RUNPATH_SEARCH_PATHS = (
					"$(inherited)",
					"@executable_path/Frameworks",
				);
				PRODUCT_BUNDLE_IDENTIFIER = AKA.FIT;
				PRODUCT_NAME = "$(TARGET_NAME)";
				SWIFT_VERSION = 4.2;
				TARGETED_DEVICE_FAMILY = "1,2";
			};
			name = Release;
		};
/* End XCBuildConfiguration section */

/* Begin XCConfigurationList section */
		416C9055235C65E30091CFFB /* Build configuration list for PBXProject "FIT" */ = {
			isa = XCConfigurationList;
			buildConfigurations = (
				416C906A235C65E50091CFFB /* Debug */,
				416C906B235C65E50091CFFB /* Release */,
			);
			defaultConfigurationIsVisible = 0;
			defaultConfigurationName = Release;
		};
		416C906C235C65E50091CFFB /* Build configuration list for PBXNativeTarget "FIT" */ = {
			isa = XCConfigurationList;
			buildConfigurations = (
				416C906D235C65E50091CFFB /* Debug */,
				416C906E235C65E50091CFFB /* Release */,
			);
			defaultConfigurationIsVisible = 0;
			defaultConfigurationName = Release;
		};
/* End XCConfigurationList section */
	};
	rootObject = 416C9052235C65E30091CFFB /* Project object */;
}
